// !$*UTF8*$!
{
	archiveVersion = 1;
	classes = {
	};
	objectVersion = 56;
	objects = {

/* Begin PBXBuildFile section */
		9E0AF15B2B7396640064928E /* NavigationBarView.swift in Sources */ = {isa = PBXBuildFile; fileRef = 9E0AF15A2B7396640064928E /* NavigationBarView.swift */; };
		9E0AF15D2B7397740064928E /* LogoView.swift in Sources */ = {isa = PBXBuildFile; fileRef = 9E0AF15C2B7397740064928E /* LogoView.swift */; };
		9E0AF15F2B739C2D0064928E /* PlayerModel.swift in Sources */ = {isa = PBXBuildFile; fileRef = 9E0AF15E2B739C2D0064928E /* PlayerModel.swift */; };
		9E0AF1612B739C720064928E /* CodableBundleExtension.swift in Sources */ = {isa = PBXBuildFile; fileRef = 9E0AF1602B739C720064928E /* CodableBundleExtension.swift */; };
		9E0AF1632B73A6E90064928E /* FeaturedItemView.swift in Sources */ = {isa = PBXBuildFile; fileRef = 9E0AF1622B73A6E90064928E /* FeaturedItemView.swift */; };
		9E0AF1652B73A7870064928E /* FeaturedTabView.swift in Sources */ = {isa = PBXBuildFile; fileRef = 9E0AF1642B73A7870064928E /* FeaturedTabView.swift */; };
		9EFEE6FC2B6BCD6900C321F5 /* TouchDownApp.swift in Sources */ = {isa = PBXBuildFile; fileRef = 9EFEE6FB2B6BCD6900C321F5 /* TouchDownApp.swift */; };
		9EFEE6FE2B6BCD6900C321F5 /* ContentView.swift in Sources */ = {isa = PBXBuildFile; fileRef = 9EFEE6FD2B6BCD6900C321F5 /* ContentView.swift */; };
		9EFEE7002B6BCD6A00C321F5 /* Assets.xcassets in Resources */ = {isa = PBXBuildFile; fileRef = 9EFEE6FF2B6BCD6A00C321F5 /* Assets.xcassets */; };
		9EFEE7032B6BCD6A00C321F5 /* Preview Assets.xcassets in Resources */ = {isa = PBXBuildFile; fileRef = 9EFEE7022B6BCD6A00C321F5 /* Preview Assets.xcassets */; };
		9EFEE70D2B6BCE2500C321F5 /* category.json in Resources */ = {isa = PBXBuildFile; fileRef = 9EFEE7092B6BCE2500C321F5 /* category.json */; };
		9EFEE70E2B6BCE2500C321F5 /* brand.json in Resources */ = {isa = PBXBuildFile; fileRef = 9EFEE70A2B6BCE2500C321F5 /* brand.json */; };
		9EFEE70F2B6BCE2500C321F5 /* product.json in Resources */ = {isa = PBXBuildFile; fileRef = 9EFEE70B2B6BCE2500C321F5 /* product.json */; };
		9EFEE7102B6BCE2500C321F5 /* player.json in Resources */ = {isa = PBXBuildFile; fileRef = 9EFEE70C2B6BCE2500C321F5 /* player.json */; };
		9EFEE71B2B6BD0F200C321F5 /* Constant.swift in Sources */ = {isa = PBXBuildFile; fileRef = 9EFEE71A2B6BD0F200C321F5 /* Constant.swift */; };
		9EFEE71D2B6BD1B700C321F5 /* FooterView.swift in Sources */ = {isa = PBXBuildFile; fileRef = 9EFEE71C2B6BD1B700C321F5 /* FooterView.swift */; };
/* End PBXBuildFile section */

/* Begin PBXFileReference section */
		9E0AF15A2B7396640064928E /* NavigationBarView.swift */ = {isa = PBXFileReference; lastKnownFileType = sourcecode.swift; path = NavigationBarView.swift; sourceTree = "<group>"; };
		9E0AF15C2B7397740064928E /* LogoView.swift */ = {isa = PBXFileReference; lastKnownFileType = sourcecode.swift; path = LogoView.swift; sourceTree = "<group>"; };
		9E0AF15E2B739C2D0064928E /* PlayerModel.swift */ = {isa = PBXFileReference; lastKnownFileType = sourcecode.swift; path = PlayerModel.swift; sourceTree = "<group>"; };
		9E0AF1602B739C720064928E /* CodableBundleExtension.swift */ = {isa = PBXFileReference; lastKnownFileType = sourcecode.swift; path = CodableBundleExtension.swift; sourceTree = "<group>"; };
		9E0AF1622B73A6E90064928E /* FeaturedItemView.swift */ = {isa = PBXFileReference; lastKnownFileType = sourcecode.swift; path = FeaturedItemView.swift; sourceTree = "<group>"; };
		9E0AF1642B73A7870064928E /* FeaturedTabView.swift */ = {isa = PBXFileReference; lastKnownFileType = sourcecode.swift; path = FeaturedTabView.swift; sourceTree = "<group>"; };
		9EFEE6F82B6BCD6900C321F5 /* TouchDown.app */ = {isa = PBXFileReference; explicitFileType = wrapper.application; includeInIndex = 0; path = TouchDown.app; sourceTree = BUILT_PRODUCTS_DIR; };
		9EFEE6FB2B6BCD6900C321F5 /* TouchDownApp.swift */ = {isa = PBXFileReference; lastKnownFileType = sourcecode.swift; path = TouchDownApp.swift; sourceTree = "<group>"; };
		9EFEE6FD2B6BCD6900C321F5 /* ContentView.swift */ = {isa = PBXFileReference; lastKnownFileType = sourcecode.swift; path = ContentView.swift; sourceTree = "<group>"; };
		9EFEE6FF2B6BCD6A00C321F5 /* Assets.xcassets */ = {isa = PBXFileReference; lastKnownFileType = folder.assetcatalog; path = Assets.xcassets; sourceTree = "<group>"; };
		9EFEE7022B6BCD6A00C321F5 /* Preview Assets.xcassets */ = {isa = PBXFileReference; lastKnownFileType = folder.assetcatalog; path = "Preview Assets.xcassets"; sourceTree = "<group>"; };
		9EFEE7092B6BCE2500C321F5 /* category.json */ = {isa = PBXFileReference; fileEncoding = 4; lastKnownFileType = text.json; path = category.json; sourceTree = "<group>"; };
		9EFEE70A2B6BCE2500C321F5 /* brand.json */ = {isa = PBXFileReference; fileEncoding = 4; lastKnownFileType = text.json; path = brand.json; sourceTree = "<group>"; };
		9EFEE70B2B6BCE2500C321F5 /* product.json */ = {isa = PBXFileReference; fileEncoding = 4; lastKnownFileType = text.json; path = product.json; sourceTree = "<group>"; };
		9EFEE70C2B6BCE2500C321F5 /* player.json */ = {isa = PBXFileReference; fileEncoding = 4; lastKnownFileType = text.json; path = player.json; sourceTree = "<group>"; };
		9EFEE7162B6BCE8200C321F5 /* Info.plist */ = {isa = PBXFileReference; lastKnownFileType = text.plist; path = Info.plist; sourceTree = "<group>"; };
		9EFEE71A2B6BD0F200C321F5 /* Constant.swift */ = {isa = PBXFileReference; lastKnownFileType = sourcecode.swift; path = Constant.swift; sourceTree = "<group>"; };
		9EFEE71C2B6BD1B700C321F5 /* FooterView.swift */ = {isa = PBXFileReference; lastKnownFileType = sourcecode.swift; path = FooterView.swift; sourceTree = "<group>"; };
/* End PBXFileReference section */

/* Begin PBXFrameworksBuildPhase section */
		9EFEE6F52B6BCD6900C321F5 /* Frameworks */ = {
			isa = PBXFrameworksBuildPhase;
			buildActionMask = 2147483647;
			files = (
			);
			runOnlyForDeploymentPostprocessing = 0;
		};
/* End PBXFrameworksBuildPhase section */

/* Begin PBXGroup section */
		9EFEE6EF2B6BCD6900C321F5 = {
			isa = PBXGroup;
			children = (
				9EFEE6FA2B6BCD6900C321F5 /* TouchDown */,
				9EFEE6F92B6BCD6900C321F5 /* Products */,
			);
			sourceTree = "<group>";
		};
		9EFEE6F92B6BCD6900C321F5 /* Products */ = {
			isa = PBXGroup;
			children = (
				9EFEE6F82B6BCD6900C321F5 /* TouchDown.app */,
			);
			name = Products;
			sourceTree = "<group>";
		};
		9EFEE6FA2B6BCD6900C321F5 /* TouchDown */ = {
			isa = PBXGroup;
			children = (
				9EFEE7172B6BD09F00C321F5 /* App */,
				9EFEE6FF2B6BCD6A00C321F5 /* Assets.xcassets */,
				9EFEE7112B6BCE3A00C321F5 /* Data */,
				9EFEE7142B6BCE4500C321F5 /* Extension */,
				9EFEE7162B6BCE8200C321F5 /* Info.plist */,
				9EFEE7132B6BCE4400C321F5 /* Model */,
				9EFEE7012B6BCD6A00C321F5 /* Preview Content */,
				9EFEE7152B6BCE4600C321F5 /* Utility */,
				9EFEE7122B6BCE4200C321F5 /* View */,
			);
			path = TouchDown;
			sourceTree = "<group>";
		};
		9EFEE7012B6BCD6A00C321F5 /* Preview Content */ = {
			isa = PBXGroup;
			children = (
				9EFEE7022B6BCD6A00C321F5 /* Preview Assets.xcassets */,
			);
			path = "Preview Content";
			sourceTree = "<group>";
		};
		9EFEE7112B6BCE3A00C321F5 /* Data */ = {
			isa = PBXGroup;
			children = (
				9EFEE70A2B6BCE2500C321F5 /* brand.json */,
				9EFEE7092B6BCE2500C321F5 /* category.json */,
				9EFEE70C2B6BCE2500C321F5 /* player.json */,
				9EFEE70B2B6BCE2500C321F5 /* product.json */,
			);
			path = Data;
			sourceTree = "<group>";
		};
		9EFEE7122B6BCE4200C321F5 /* View */ = {
			isa = PBXGroup;
			children = (
				9EFEE7192B6BD0B200C321F5 /* Detail */,
				9EFEE7182B6BD0AD00C321F5 /* Home */,
			);
			path = View;
			sourceTree = "<group>";
		};
		9EFEE7132B6BCE4400C321F5 /* Model */ = {
			isa = PBXGroup;
			children = (
				9E0AF15E2B739C2D0064928E /* PlayerModel.swift */,
			);
			path = Model;
			sourceTree = "<group>";
		};
		9EFEE7142B6BCE4500C321F5 /* Extension */ = {
			isa = PBXGroup;
			children = (
				9E0AF1602B739C720064928E /* CodableBundleExtension.swift */,
			);
			path = Extension;
			sourceTree = "<group>";
		};
		9EFEE7152B6BCE4600C321F5 /* Utility */ = {
			isa = PBXGroup;
			children = (
				9EFEE71A2B6BD0F200C321F5 /* Constant.swift */,
			);
			path = Utility;
			sourceTree = "<group>";
		};
		9EFEE7172B6BD09F00C321F5 /* App */ = {
			isa = PBXGroup;
			children = (
				9EFEE6FB2B6BCD6900C321F5 /* TouchDownApp.swift */,
				9EFEE6FD2B6BCD6900C321F5 /* ContentView.swift */,
			);
			path = App;
			sourceTree = "<group>";
		};
		9EFEE7182B6BD0AD00C321F5 /* Home */ = {
			isa = PBXGroup;
			children = (
				9EFEE71C2B6BD1B700C321F5 /* FooterView.swift */,
				9E0AF15A2B7396640064928E /* NavigationBarView.swift */,
				9E0AF15C2B7397740064928E /* LogoView.swift */,
				9E0AF1622B73A6E90064928E /* FeaturedItemView.swift */,
				9E0AF1642B73A7870064928E /* FeaturedTabView.swift */,
			);
			path = Home;
			sourceTree = "<group>";
		};
		9EFEE7192B6BD0B200C321F5 /* Detail */ = {
			isa = PBXGroup;
			children = (
			);
			path = Detail;
			sourceTree = "<group>";
		};
/* End PBXGroup section */

/* Begin PBXNativeTarget section */
		9EFEE6F72B6BCD6900C321F5 /* TouchDown */ = {
			isa = PBXNativeTarget;
			buildConfigurationList = 9EFEE7062B6BCD6A00C321F5 /* Build configuration list for PBXNativeTarget "TouchDown" */;
			buildPhases = (
				9EFEE6F42B6BCD6900C321F5 /* Sources */,
				9EFEE6F52B6BCD6900C321F5 /* Frameworks */,
				9EFEE6F62B6BCD6900C321F5 /* Resources */,
			);
			buildRules = (
			);
			dependencies = (
			);
			name = TouchDown;
			productName = TouchDown;
			productReference = 9EFEE6F82B6BCD6900C321F5 /* TouchDown.app */;
			productType = "com.apple.product-type.application";
		};
/* End PBXNativeTarget section */

/* Begin PBXProject section */
		9EFEE6F02B6BCD6900C321F5 /* Project object */ = {
			isa = PBXProject;
			attributes = {
				BuildIndependentTargetsInParallel = 1;
				LastSwiftUpdateCheck = 1520;
				LastUpgradeCheck = 1520;
				TargetAttributes = {
					9EFEE6F72B6BCD6900C321F5 = {
						CreatedOnToolsVersion = 15.2;
					};
				};
			};
			buildConfigurationList = 9EFEE6F32B6BCD6900C321F5 /* Build configuration list for PBXProject "TouchDown" */;
			compatibilityVersion = "Xcode 14.0";
			developmentRegion = en;
			hasScannedForEncodings = 0;
			knownRegions = (
				en,
				Base,
			);
			mainGroup = 9EFEE6EF2B6BCD6900C321F5;
			productRefGroup = 9EFEE6F92B6BCD6900C321F5 /* Products */;
			projectDirPath = "";
			projectRoot = "";
			targets = (
				9EFEE6F72B6BCD6900C321F5 /* TouchDown */,
			);
		};
/* End PBXProject section */

/* Begin PBXResourcesBuildPhase section */
		9EFEE6F62B6BCD6900C321F5 /* Resources */ = {
			isa = PBXResourcesBuildPhase;
			buildActionMask = 2147483647;
			files = (
				9EFEE7102B6BCE2500C321F5 /* player.json in Resources */,
				9EFEE70D2B6BCE2500C321F5 /* category.json in Resources */,
				9EFEE70E2B6BCE2500C321F5 /* brand.json in Resources */,
				9EFEE7032B6BCD6A00C321F5 /* Preview Assets.xcassets in Resources */,
				9EFEE7002B6BCD6A00C321F5 /* Assets.xcassets in Resources */,
				9EFEE70F2B6BCE2500C321F5 /* product.json in Resources */,
			);
			runOnlyForDeploymentPostprocessing = 0;
		};
/* End PBXResourcesBuildPhase section */

/* Begin PBXSourcesBuildPhase section */
		9EFEE6F42B6BCD6900C321F5 /* Sources */ = {
			isa = PBXSourcesBuildPhase;
			buildActionMask = 2147483647;
			files = (
				9E0AF1612B739C720064928E /* CodableBundleExtension.swift in Sources */,
				9EFEE6FE2B6BCD6900C321F5 /* ContentView.swift in Sources */,
				9E0AF15D2B7397740064928E /* LogoView.swift in Sources */,
				9EFEE71D2B6BD1B700C321F5 /* FooterView.swift in Sources */,
				9E0AF1632B73A6E90064928E /* FeaturedItemView.swift in Sources */,
				9EFEE6FC2B6BCD6900C321F5 /* TouchDownApp.swift in Sources */,
				9EFEE71B2B6BD0F200C321F5 /* Constant.swift in Sources */,
				9E0AF15B2B7396640064928E /* NavigationBarView.swift in Sources */,
				9E0AF1652B73A7870064928E /* FeaturedTabView.swift in Sources */,
				9E0AF15F2B739C2D0064928E /* PlayerModel.swift in Sources */,
			);
			runOnlyForDeploymentPostprocessing = 0;
		};
/* End PBXSourcesBuildPhase section */

/* Begin XCBuildConfiguration section */
		9EFEE7042B6BCD6A00C321F5 /* Debug */ = {
			isa = XCBuildConfiguration;
			buildSettings = {
				ALWAYS_SEARCH_USER_PATHS = NO;
				ASSETCATALOG_COMPILER_GENERATE_SWIFT_ASSET_SYMBOL_EXTENSIONS = YES;
				CLANG_ANALYZER_NONNULL = YES;
				CLANG_ANALYZER_NUMBER_OBJECT_CONVERSION = YES_AGGRESSIVE;
				CLANG_CXX_LANGUAGE_STANDARD = "gnu++20";
				CLANG_ENABLE_MODULES = YES;
				CLANG_ENABLE_OBJC_ARC = YES;
				CLANG_ENABLE_OBJC_WEAK = YES;
				CLANG_WARN_BLOCK_CAPTURE_AUTORELEASING = YES;
				CLANG_WARN_BOOL_CONVERSION = YES;
				CLANG_WARN_COMMA = YES;
				CLANG_WARN_CONSTANT_CONVERSION = YES;
				CLANG_WARN_DEPRECATED_OBJC_IMPLEMENTATIONS = YES;
				CLANG_WARN_DIRECT_OBJC_ISA_USAGE = YES_ERROR;
				CLANG_WARN_DOCUMENTATION_COMMENTS = YES;
				CLANG_WARN_EMPTY_BODY = YES;
				CLANG_WARN_ENUM_CONVERSION = YES;
				CLANG_WARN_INFINITE_RECURSION = YES;
				CLANG_WARN_INT_CONVERSION = YES;
				CLANG_WARN_NON_LITERAL_NULL_CONVERSION = YES;
				CLANG_WARN_OBJC_IMPLICIT_RETAIN_SELF = YES;
				CLANG_WARN_OBJC_LITERAL_CONVERSION = YES;
				CLANG_WARN_OBJC_ROOT_CLASS = YES_ERROR;
				CLANG_WARN_QUOTED_INCLUDE_IN_FRAMEWORK_HEADER = YES;
				CLANG_WARN_RANGE_LOOP_ANALYSIS = YES;
				CLANG_WARN_STRICT_PROTOTYPES = YES;
				CLANG_WARN_SUSPICIOUS_MOVE = YES;
				CLANG_WARN_UNGUARDED_AVAILABILITY = YES_AGGRESSIVE;
				CLANG_WARN_UNREACHABLE_CODE = YES;
				CLANG_WARN__DUPLICATE_METHOD_MATCH = YES;
				COPY_PHASE_STRIP = NO;
				DEBUG_INFORMATION_FORMAT = dwarf;
				ENABLE_STRICT_OBJC_MSGSEND = YES;
				ENABLE_TESTABILITY = YES;
				ENABLE_USER_SCRIPT_SANDBOXING = YES;
				GCC_C_LANGUAGE_STANDARD = gnu17;
				GCC_DYNAMIC_NO_PIC = NO;
				GCC_NO_COMMON_BLOCKS = YES;
				GCC_OPTIMIZATION_LEVEL = 0;
				GCC_PREPROCESSOR_DEFINITIONS = (
					"DEBUG=1",
					"$(inherited)",
				);
				GCC_WARN_64_TO_32_BIT_CONVERSION = YES;
				GCC_WARN_ABOUT_RETURN_TYPE = YES_ERROR;
				GCC_WARN_UNDECLARED_SELECTOR = YES;
				GCC_WARN_UNINITIALIZED_AUTOS = YES_AGGRESSIVE;
				GCC_WARN_UNUSED_FUNCTION = YES;
				GCC_WARN_UNUSED_VARIABLE = YES;
				IPHONEOS_DEPLOYMENT_TARGET = 17.2;
				LOCALIZATION_PREFERS_STRING_CATALOGS = YES;
				MTL_ENABLE_DEBUG_INFO = INCLUDE_SOURCE;
				MTL_FAST_MATH = YES;
				ONLY_ACTIVE_ARCH = YES;
				SDKROOT = iphoneos;
				SWIFT_ACTIVE_COMPILATION_CONDITIONS = "DEBUG $(inherited)";
				SWIFT_OPTIMIZATION_LEVEL = "-Onone";
			};
			name = Debug;
		};
		9EFEE7052B6BCD6A00C321F5 /* Release */ = {
			isa = XCBuildConfiguration;
			buildSettings = {
				ALWAYS_SEARCH_USER_PATHS = NO;
				ASSETCATALOG_COMPILER_GENERATE_SWIFT_ASSET_SYMBOL_EXTENSIONS = YES;
				CLANG_ANALYZER_NONNULL = YES;
				CLANG_ANALYZER_NUMBER_OBJECT_CONVERSION = YES_AGGRESSIVE;
				CLANG_CXX_LANGUAGE_STANDARD = "gnu++20";
				CLANG_ENABLE_MODULES = YES;
				CLANG_ENABLE_OBJC_ARC = YES;
				CLANG_ENABLE_OBJC_WEAK = YES;
				CLANG_WARN_BLOCK_CAPTURE_AUTORELEASING = YES;
				CLANG_WARN_BOOL_CONVERSION = YES;
				CLANG_WARN_COMMA = YES;
				CLANG_WARN_CONSTANT_CONVERSION = YES;
				CLANG_WARN_DEPRECATED_OBJC_IMPLEMENTATIONS = YES;
				CLANG_WARN_DIRECT_OBJC_ISA_USAGE = YES_ERROR;
				CLANG_WARN_DOCUMENTATION_COMMENTS = YES;
				CLANG_WARN_EMPTY_BODY = YES;
				CLANG_WARN_ENUM_CONVERSION = YES;
				CLANG_WARN_INFINITE_RECURSION = YES;
				CLANG_WARN_INT_CONVERSION = YES;
				CLANG_WARN_NON_LITERAL_NULL_CONVERSION = YES;
				CLANG_WARN_OBJC_IMPLICIT_RETAIN_SELF = YES;
				CLANG_WARN_OBJC_LITERAL_CONVERSION = YES;
				CLANG_WARN_OBJC_ROOT_CLASS = YES_ERROR;
				CLANG_WARN_QUOTED_INCLUDE_IN_FRAMEWORK_HEADER = YES;
				CLANG_WARN_RANGE_LOOP_ANALYSIS = YES;
				CLANG_WARN_STRICT_PROTOTYPES = YES;
				CLANG_WARN_SUSPICIOUS_MOVE = YES;
				CLANG_WARN_UNGUARDED_AVAILABILITY = YES_AGGRESSIVE;
				CLANG_WARN_UNREACHABLE_CODE = YES;
				CLANG_WARN__DUPLICATE_METHOD_MATCH = YES;
				COPY_PHASE_STRIP = NO;
				DEBUG_INFORMATION_FORMAT = "dwarf-with-dsym";
				ENABLE_NS_ASSERTIONS = NO;
				ENABLE_STRICT_OBJC_MSGSEND = YES;
				ENABLE_USER_SCRIPT_SANDBOXING = YES;
				GCC_C_LANGUAGE_STANDARD = gnu17;
				GCC_NO_COMMON_BLOCKS = YES;
				GCC_WARN_64_TO_32_BIT_CONVERSION = YES;
				GCC_WARN_ABOUT_RETURN_TYPE = YES_ERROR;
				GCC_WARN_UNDECLARED_SELECTOR = YES;
				GCC_WARN_UNINITIALIZED_AUTOS = YES_AGGRESSIVE;
				GCC_WARN_UNUSED_FUNCTION = YES;
				GCC_WARN_UNUSED_VARIABLE = YES;
				IPHONEOS_DEPLOYMENT_TARGET = 17.2;
				LOCALIZATION_PREFERS_STRING_CATALOGS = YES;
				MTL_ENABLE_DEBUG_INFO = NO;
				MTL_FAST_MATH = YES;
				SDKROOT = iphoneos;
				SWIFT_COMPILATION_MODE = wholemodule;
				VALIDATE_PRODUCT = YES;
			};
			name = Release;
		};
		9EFEE7072B6BCD6A00C321F5 /* Debug */ = {
			isa = XCBuildConfiguration;
			buildSettings = {
				ASSETCATALOG_COMPILER_APPICON_NAME = AppIcon;
				ASSETCATALOG_COMPILER_GLOBAL_ACCENT_COLOR_NAME = AccentColor;
				CODE_SIGN_STYLE = Automatic;
				CURRENT_PROJECT_VERSION = 1;
				DEVELOPMENT_ASSET_PATHS = "\"TouchDown/Preview Content\"";
				DEVELOPMENT_TEAM = W24A4VSSJA;
				ENABLE_PREVIEWS = YES;
				GENERATE_INFOPLIST_FILE = YES;
				INFOPLIST_FILE = TouchDown/Info.plist;
				INFOPLIST_KEY_UIApplicationSceneManifest_Generation = YES;
				INFOPLIST_KEY_UIApplicationSupportsIndirectInputEvents = YES;
				INFOPLIST_KEY_UISupportedInterfaceOrientations = UIInterfaceOrientationPortrait;
				INFOPLIST_KEY_UIUserInterfaceStyle = Light;
				LD_RUNPATH_SEARCH_PATHS = (
					"$(inherited)",
					"@executable_path/Frameworks",
				);
				MARKETING_VERSION = 1.0;
				PRODUCT_BUNDLE_IDENTIFIER = com.swiftuimasterclass.TouchDown;
				PRODUCT_NAME = "$(TARGET_NAME)";
				SWIFT_EMIT_LOC_STRINGS = YES;
				SWIFT_VERSION = 5.0;
				TARGETED_DEVICE_FAMILY = "1,2";
			};
			name = Debug;
		};
		9EFEE7082B6BCD6A00C321F5 /* Release */ = {
			isa = XCBuildConfiguration;
			buildSettings = {
				ASSETCATALOG_COMPILER_APPICON_NAME = AppIcon;
				ASSETCATALOG_COMPILER_GLOBAL_ACCENT_COLOR_NAME = AccentColor;
				CODE_SIGN_STYLE = Automatic;
				CURRENT_PROJECT_VERSION = 1;
				DEVELOPMENT_ASSET_PATHS = "\"TouchDown/Preview Content\"";
				DEVELOPMENT_TEAM = W24A4VSSJA;
				ENABLE_PREVIEWS = YES;
				GENERATE_INFOPLIST_FILE = YES;
				INFOPLIST_FILE = TouchDown/Info.plist;
				INFOPLIST_KEY_UIApplicationSceneManifest_Generation = YES;
				INFOPLIST_KEY_UIApplicationSupportsIndirectInputEvents = YES;
				INFOPLIST_KEY_UISupportedInterfaceOrientations = UIInterfaceOrientationPortrait;
				INFOPLIST_KEY_UIUserInterfaceStyle = Light;
				LD_RUNPATH_SEARCH_PATHS = (
					"$(inherited)",
					"@executable_path/Frameworks",
				);
				MARKETING_VERSION = 1.0;
				PRODUCT_BUNDLE_IDENTIFIER = com.swiftuimasterclass.TouchDown;
				PRODUCT_NAME = "$(TARGET_NAME)";
				SWIFT_EMIT_LOC_STRINGS = YES;
				SWIFT_VERSION = 5.0;
				TARGETED_DEVICE_FAMILY = "1,2";
			};
			name = Release;
		};
/* End XCBuildConfiguration section */

/* Begin XCConfigurationList section */
		9EFEE6F32B6BCD6900C321F5 /* Build configuration list for PBXProject "TouchDown" */ = {
			isa = XCConfigurationList;
			buildConfigurations = (
				9EFEE7042B6BCD6A00C321F5 /* Debug */,
				9EFEE7052B6BCD6A00C321F5 /* Release */,
			);
			defaultConfigurationIsVisible = 0;
			defaultConfigurationName = Release;
		};
		9EFEE7062B6BCD6A00C321F5 /* Build configuration list for PBXNativeTarget "TouchDown" */ = {
			isa = XCConfigurationList;
			buildConfigurations = (
				9EFEE7072B6BCD6A00C321F5 /* Debug */,
				9EFEE7082B6BCD6A00C321F5 /* Release */,
			);
			defaultConfigurationIsVisible = 0;
			defaultConfigurationName = Release;
		};
/* End XCConfigurationList section */
	};
	rootObject = 9EFEE6F02B6BCD6900C321F5 /* Project object */;
}
